{
  "name": "oceanunderwater",
  "version": "1.0.0",
  "lockfileVersion": 3,
  "requires": true,
  "packages": {
    "": {
      "name": "oceanunderwater",
      "version": "1.0.0",
      "dependencies": {
        "es-module-shims": "^2.8.4",
        "three": "^0.160.0"
      }
    },
    "node_modules/es-module-shims": {
      "version": "2.8.4",
      "resolved": "https://registry.npmjs.org/es-module-shims/-/es-module-shims-2.8.4.tgz",
      "integrity": "sha512-ea5srn5L89PWVad6Qle6r2kg+HvvLiL/GHqgNx06eFrkERHkrTFWaqo1w8Sd+XI3Xr0iAG5x3ZQ7mQ/hnQzNpA==",
      "license": "MIT"
    },
    "node_modules/three": {
      "version": "0.160.1",
      "resolved": "https://registry.npmjs.org/three/-/three-0.160.1.tgz",
      "integrity": "sha512-Bgl2wPJypDOZ1stAxwfWAcJ0WQf7QzlptsxkjYiURPz+n5k4RBDLsq+6f9Y75TYxn6aHLcWz+JNmwTOXWrQTBQ==",
      "license": "MIT"
    }
  }
}
